
Microsoft Visual Studio Solution File, Format Version 12.00
# Visual Studio Version 17
VisualStudioVersion = 17.0.31903.59
MinimumVisualStudioVersion = 10.0.40219.1
Project("{F2A71F9B-5D33-465A-A702-920D77279786}") = "FalcoPlayground.Web", "FalcoPlayground.Web\FalcoPlayground.Web.fsproj", "{E391CCF1-542E-4049-82F1-4E138A5D7EE0}"
EndProject
Project("{F2A71F9B-5D33-465A-A702-920D77279786}") = "FalcoPlayground.Domain", "FalcoPlayground.Domain\FalcoPlayground.Domain.fsproj", "{6640D727-E710-4411-B6DA-5D0F768CF79D}"
EndProject
Project("{F2A71F9B-5D33-465A-A702-920D77279786}") = "FalcoPlayground.DataAccess", "FalcoPlayground.DataAccess\FalcoPlayground.DataAccess.fsproj", "{18114EF9-9DAA-4150-BA31-8B237E0D48A8}"
EndProject
Global
	GlobalSection(SolutionConfigurationPlatforms) = preSolution
		Debug|Any CPU = Debug|Any CPU
		Release|Any CPU = Release|Any CPU
	EndGlobalSection
	GlobalSection(SolutionProperties) = preSolution
		HideSolutionNode = FALSE
	EndGlobalSection
	GlobalSection(ProjectConfigurationPlatforms) = postSolution
		{E391CCF1-542E-4049-82F1-4E138A5D7EE0}.Debug|Any CPU.ActiveCfg = Debug|Any CPU
		{E391CCF1-542E-4049-82F1-4E138A5D7EE0}.Debug|Any CPU.Build.0 = Debug|Any CPU
		{E391CCF1-542E-4049-82F1-4E138A5D7EE0}.Release|Any CPU.ActiveCfg = Release|Any CPU
		{E391CCF1-542E-4049-82F1-4E138A5D7EE0}.Release|Any CPU.Build.0 = Release|Any CPU
		{6640D727-E710-4411-B6DA-5D0F768CF79D}.Debug|Any CPU.ActiveCfg = Debug|Any CPU
		{6640D727-E710-4411-B6DA-5D0F768CF79D}.Debug|Any CPU.Build.0 = Debug|Any CPU
		{6640D727-E710-4411-B6DA-5D0F768CF79D}.Release|Any CPU.ActiveCfg = Release|Any CPU
		{6640D727-E710-4411-B6DA-5D0F768CF79D}.Release|Any CPU.Build.0 = Release|Any CPU
		{18114EF9-9DAA-4150-BA31-8B237E0D48A8}.Debug|Any CPU.ActiveCfg = Debug|Any CPU
		{18114EF9-9DAA-4150-BA31-8B237E0D48A8}.Debug|Any CPU.Build.0 = Debug|Any CPU
		{18114EF9-9DAA-4150-BA31-8B237E0D48A8}.Release|Any CPU.ActiveCfg = Release|Any CPU
		{18114EF9-9DAA-4150-BA31-8B237E0D48A8}.Release|Any CPU.Build.0 = Release|Any CPU
	EndGlobalSection
EndGlobal
